
Microsoft Visual Studio Solution File, Format Version 12.00
# Visual Studio Version 17
VisualStudioVersion = 17.4.33403.182
MinimumVisualStudioVersion = 10.0.40219.1
Project("{FAE04EC0-301F-11D3-BF4B-00C04F79EFBC}") = "Radnici", "Radnici\Radnici.csproj", "{983A4283-FB27-4C5C-A31E-9C0B7BDB3BB1}"
EndProject
Global
	GlobalSection(SolutionConfigurationPlatforms) = preSolution
		Debug|Any CPU = Debug|Any CPU
		Release|Any CPU = Release|Any CPU
	EndGlobalSection
	GlobalSection(ProjectConfigurationPlatforms) = postSolution
		{983A4283-FB27-4C5C-A31E-9C0B7BDB3BB1}.Debug|Any CPU.ActiveCfg = Debug|Any CPU
		{983A4283-FB27-4C5C-A31E-9C0B7BDB3BB1}.Debug|Any CPU.Build.0 = Debug|Any CPU
		{983A4283-FB27-4C5C-A31E-9C0B7BDB3BB1}.Release|Any CPU.ActiveCfg = Release|Any CPU
		{983A4283-FB27-4C5C-A31E-9C0B7BDB3BB1}.Release|Any CPU.Build.0 = Release|Any CPU
	EndGlobalSection
	GlobalSection(SolutionProperties) = preSolution
		HideSolutionNode = FALSE
	EndGlobalSection
	GlobalSection(ExtensibilityGlobals) = postSolution
		SolutionGuid = {29935717-3BC9-4D56-BA33-90934753D7AC}
	EndGlobalSection
EndGlobal
